
Microsoft Visual Studio Solution File, Format Version 12.00
# Visual Studio Version 16
VisualStudioVersion = 16.0.30717.126
MinimumVisualStudioVersion = 10.0.40219.1
Project("{FAE04EC0-301F-11D3-BF4B-00C04F79EFBC}") = "AluraTunes", "AluraTunes\AluraTunes.csproj", "{5D79249A-CECA-4E5C-8140-FA7E630F8E30}"
EndProject
Global
	GlobalSection(SolutionConfigurationPlatforms) = preSolution
		Debug|Any CPU = Debug|Any CPU
		Release|Any CPU = Release|Any CPU
	EndGlobalSection
	GlobalSection(ProjectConfigurationPlatforms) = postSolution
		{5D79249A-CECA-4E5C-8140-FA7E630F8E30}.Debug|Any CPU.ActiveCfg = Debug|Any CPU
		{5D79249A-CECA-4E5C-8140-FA7E630F8E30}.Debug|Any CPU.Build.0 = Debug|Any CPU
		{5D79249A-CECA-4E5C-8140-FA7E630F8E30}.Release|Any CPU.ActiveCfg = Release|Any CPU
		{5D79249A-CECA-4E5C-8140-FA7E630F8E30}.Release|Any CPU.Build.0 = Release|Any CPU
	EndGlobalSection
	GlobalSection(SolutionProperties) = preSolution
		HideSolutionNode = FALSE
	EndGlobalSection
	GlobalSection(ExtensibilityGlobals) = postSolution
		SolutionGuid = {7870DC27-C4D3-4481-A1CB-271E762E4FD6}
	EndGlobalSection
EndGlobal
